
Microsoft Visual Studio Solution File, Format Version 12.00
Project("{FAE04EC0-301F-11D3-BF4B-00C04F79EFBC}") = "ProcessesMonitor", "ProcessesMonitor\ProcessesMonitor.csproj", "{FCA5C494-8495-4A3B-B9B4-F6FFB07773B6}"
EndProject
Global
	GlobalSection(SolutionConfigurationPlatforms) = preSolution
		Debug|Any CPU = Debug|Any CPU
		Release|Any CPU = Release|Any CPU
	EndGlobalSection
	GlobalSection(ProjectConfigurationPlatforms) = postSolution
		{FCA5C494-8495-4A3B-B9B4-F6FFB07773B6}.Debug|Any CPU.ActiveCfg = Debug|Any CPU
		{FCA5C494-8495-4A3B-B9B4-F6FFB07773B6}.Debug|Any CPU.Build.0 = Debug|Any CPU
		{FCA5C494-8495-4A3B-B9B4-F6FFB07773B6}.Release|Any CPU.ActiveCfg = Release|Any CPU
		{FCA5C494-8495-4A3B-B9B4-F6FFB07773B6}.Release|Any CPU.Build.0 = Release|Any CPU
	EndGlobalSection
EndGlobal
